# THIS IS AN AUTOGENERATED FILE. DO NOT EDIT THIS FILE DIRECTLY.
# yarn lockfile v1


"@types/humps@^2.0.2":
  version "2.0.2"
  resolved "https://registry.yarnpkg.com/@types/humps/-/humps-2.0.2.tgz#6643e2beb13e0e7a22c65b2128b4315a727ecbe0"
  integrity sha512-FuyQoVNSW6mjSLxLVRq8YK1pi8P5zyL2pahEuCtMqlbmV4jyWYITz4eE2fZIErNovIfKU32tPbCl44VbOUaEiw==

as-proto-gen@^0.9.1:
  version "0.9.1"
  resolved "https://registry.yarnpkg.com/as-proto-gen/-/as-proto-gen-0.9.1.tgz#c90933e2716492f643753434d7ff4bad9efb9c46"
  integrity sha512-QlcxaVl0aDGda9nWiqL8mqLzPGmLnqyQkJu3L39Y7ZdpwUQIX31BzmydkKFTs1+KzGG9gWhI+nzVciiRE1S5qA==
  dependencies:
    "@types/humps" "^2.0.2"
    fs-extra "^10.1.0"
    google-protobuf "^3.19.2"
    humps "^2.0.1"
    prettier "^2.5.0"

as-proto@^0.9.1:
  version "0.9.1"
  resolved "https://registry.yarnpkg.com/as-proto/-/as-proto-0.9.1.tgz#1a7cb1a0ab3b4b685c26e8bee01d1b903a4dc292"
  integrity sha512-NRhXZazDxgCFa5qdNp4YiNG0qGT/V/FyJmWh9wtGQTfQiUa8FBZRSpuzr2AGAA9EDSCgqytHxPsFmlqP1Vct6Q==

assemblyscript@^0.25.0:
  version "0.25.0"
  resolved "https://registry.yarnpkg.com/assemblyscript/-/assemblyscript-0.25.0.tgz#0db76387d042ef01b7414b328fbe38fcaeed24f8"
  integrity sha512-amIamciuS/sk8a9Ou2PLKyHExIZZIU31mVPEoEISNGJS4ptxbNx27TaQHXrngaW2/AGkpNljWkkzlXUO5K+RHg==
  dependencies:
    binaryen "110.0.0-nightly.20221105"
    long "^5.2.0"

binaryen@110.0.0-nightly.20221105:
  version "110.0.0-nightly.20221105"
  resolved "https://registry.yarnpkg.com/binaryen/-/binaryen-110.0.0-nightly.20221105.tgz#9e3c47e8ffa31521acd125013dca3ceea143d0bf"
  integrity sha512-OBESOc51q3SwgG8Uv8nMzGnSq7LJpSB/Fu8B3AjlZg6YtCEwRnlDWlnwNB6mdql+VdexfKmNcsrs4K7MYidmdQ==

fs-extra@^10.1.0:
  version "10.1.0"
  resolved "https://registry.yarnpkg.com/fs-extra/-/fs-extra-10.1.0.tgz#02873cfbc4084dde127eaa5f9905eef2325d1abf"
  integrity sha512-oRXApq54ETRj4eMiFzGnHWGy+zo5raudjuxN0b8H7s/RU2oW0Wvsx9O0ACRN/kRq9E8Vu/ReskGB5o3ji+FzHQ==
  dependencies:
    graceful-fs "^4.2.0"
    jsonfile "^6.0.1"
    universalify "^2.0.0"

google-protobuf@^3.19.2:
  version "3.21.2"
  resolved "https://registry.yarnpkg.com/google-protobuf/-/google-protobuf-3.21.2.tgz#4580a2bea8bbb291ee579d1fefb14d6fa3070ea4"
  integrity sha512-3MSOYFO5U9mPGikIYCzK0SaThypfGgS6bHqrUGXG3DPHCrb+txNqeEcns1W0lkGfk0rCyNXm7xB9rMxnCiZOoA==

graceful-fs@^4.1.6, graceful-fs@^4.2.0:
  version "4.2.10"
  resolved "https://registry.yarnpkg.com/graceful-fs/-/graceful-fs-4.2.10.tgz#147d3a006da4ca3ce14728c7aefc287c367d7a6c"
  integrity sha512-9ByhssR2fPVsNZj478qUUbKfmL0+t5BDVyjShtyZZLiK7ZDAArFFfopyOTj0M05wE2tJPisA4iTnnXl2YoPvOA==

humps@^2.0.1:
  version "2.0.1"
  resolved "https://registry.yarnpkg.com/humps/-/humps-2.0.1.tgz#dd02ea6081bd0568dc5d073184463957ba9ef9aa"
  integrity sha512-E0eIbrFWUhwfXJmsbdjRQFQPrl5pTEoKlz163j1mTqqUnU9PgR4AgB8AIITzuB3vLBdxZXyZ9TDIrwB2OASz4g==

jsonfile@^6.0.1:
  version "6.1.0"
  resolved "https://registry.yarnpkg.com/jsonfile/-/jsonfile-6.1.0.tgz#bc55b2634793c679ec6403094eb13698a6ec0aae"
  integrity sha512-5dgndWOriYSm5cnYaJNhalLNDKOqFwyDB/rr1E9ZsGciGvKPs8R2xYGCacuf3z6K1YKDz182fd+fY3cn3pMqXQ==
  dependencies:
    universalify "^2.0.0"
  optionalDependencies:
    graceful-fs "^4.1.6"

long@^5.2.0:
  version "5.2.1"
  resolved "https://registry.yarnpkg.com/long/-/long-5.2.1.tgz#e27595d0083d103d2fa2c20c7699f8e0c92b897f"
  integrity sha512-GKSNGeNAtw8IryjjkhZxuKB3JzlcLTwjtiQCHKvqQet81I93kXslhDQruGI/QsddO83mcDToBVy7GqGS/zYf/A==

prettier@^2.5.0:
  version "2.8.0"
  resolved "https://registry.yarnpkg.com/prettier/-/prettier-2.8.0.tgz#c7df58393c9ba77d6fba3921ae01faf994fb9dc9"
  integrity sha512-9Lmg8hTFZKG0Asr/kW9Bp8tJjRVluO8EJQVfY2T7FMw9T5jy4I/Uvx0Rca/XWf50QQ1/SS48+6IJWnrb+2yemA==

universalify@^2.0.0:
  version "2.0.0"
  resolved "https://registry.yarnpkg.com/universalify/-/universalify-2.0.0.tgz#75a4984efedc4b08975c5aeb73f530d02df25717"
  integrity sha512-hAZsKq7Yy11Zu1DE0OzWjw7nnLZmJZYTDZZyEFHZdUhV8FkH5MCfoU1XMaxXovpyW5nq5scPqq0ZDP9Zyl04oQ==
